
Microsoft Visual Studio Solution File, Format Version 12.00
# Visual Studio 2015
Project("{FAE04EC0-301F-11D3-BF4B-00C04F79EFBC}") = "Collapse-1.5.CSharp.Plugins", "Collapse-1.5.CSharp.Plugins.csproj", "{770CFB8B-ECCC-F0B5-2CCE-F10BCD87AF27}"
EndProject
Project("{FAE04EC0-301F-11D3-BF4B-00C04F79EFBC}") = "Collapse-1.5.CSharp", "Collapse-1.5.CSharp.csproj", "{742AC2A7-22CF-3E69-14AD-C9735FE47202}"
EndProject
Project("{FAE04EC0-301F-11D3-BF4B-00C04F79EFBC}") = "Collapse-1.5.CSharp.Editor", "Collapse-1.5.CSharp.Editor.csproj", "{2364F0C9-67B0-CE82-463D-750FBE8356AD}"
EndProject
Global
	GlobalSection(SolutionConfigurationPlatforms) = preSolution
		Debug|Any CPU = Debug|Any CPU
		Release|Any CPU = Release|Any CPU
	EndGlobalSection
	GlobalSection(ProjectConfigurationPlatforms) = postSolution
		{770CFB8B-ECCC-F0B5-2CCE-F10BCD87AF27}.Debug|Any CPU.ActiveCfg = Debug|Any CPU
		{770CFB8B-ECCC-F0B5-2CCE-F10BCD87AF27}.Debug|Any CPU.Build.0 = Debug|Any CPU
		{770CFB8B-ECCC-F0B5-2CCE-F10BCD87AF27}.Release|Any CPU.ActiveCfg = Release|Any CPU
		{770CFB8B-ECCC-F0B5-2CCE-F10BCD87AF27}.Release|Any CPU.Build.0 = Release|Any CPU
		{742AC2A7-22CF-3E69-14AD-C9735FE47202}.Debug|Any CPU.ActiveCfg = Debug|Any CPU
		{742AC2A7-22CF-3E69-14AD-C9735FE47202}.Debug|Any CPU.Build.0 = Debug|Any CPU
		{742AC2A7-22CF-3E69-14AD-C9735FE47202}.Release|Any CPU.ActiveCfg = Release|Any CPU
		{742AC2A7-22CF-3E69-14AD-C9735FE47202}.Release|Any CPU.Build.0 = Release|Any CPU
		{2364F0C9-67B0-CE82-463D-750FBE8356AD}.Debug|Any CPU.ActiveCfg = Debug|Any CPU
		{2364F0C9-67B0-CE82-463D-750FBE8356AD}.Debug|Any CPU.Build.0 = Debug|Any CPU
		{2364F0C9-67B0-CE82-463D-750FBE8356AD}.Release|Any CPU.ActiveCfg = Release|Any CPU
		{2364F0C9-67B0-CE82-463D-750FBE8356AD}.Release|Any CPU.Build.0 = Release|Any CPU
	EndGlobalSection
	GlobalSection(SolutionProperties) = preSolution
		HideSolutionNode = FALSE
	EndGlobalSection
EndGlobal
